
Microsoft Visual Studio Solution File, Format Version 12.00
# Visual Studio Version 16
VisualStudioVersion = 16.0.31005.135
MinimumVisualStudioVersion = 10.0.40219.1
Project("{FAE04EC0-301F-11D3-BF4B-00C04F79EFBC}") = "cv12WPF", "cv12WPF.csproj", "{D2A596A5-82C4-4838-846E-49578A68C2D2}"
EndProject
Global
	GlobalSection(SolutionConfigurationPlatforms) = preSolution
		Debug|Any CPU = Debug|Any CPU
		Release|Any CPU = Release|Any CPU
	EndGlobalSection
	GlobalSection(ProjectConfigurationPlatforms) = postSolution
		{D2A596A5-82C4-4838-846E-49578A68C2D2}.Debug|Any CPU.ActiveCfg = Debug|Any CPU
		{D2A596A5-82C4-4838-846E-49578A68C2D2}.Debug|Any CPU.Build.0 = Debug|Any CPU
		{D2A596A5-82C4-4838-846E-49578A68C2D2}.Release|Any CPU.ActiveCfg = Release|Any CPU
		{D2A596A5-82C4-4838-846E-49578A68C2D2}.Release|Any CPU.Build.0 = Release|Any CPU
	EndGlobalSection
	GlobalSection(SolutionProperties) = preSolution
		HideSolutionNode = FALSE
	EndGlobalSection
	GlobalSection(ExtensibilityGlobals) = postSolution
		SolutionGuid = {708D6C13-CC19-47F0-A073-956221E7ED5D}
	EndGlobalSection
EndGlobal
