
Microsoft Visual Studio Solution File, Format Version 12.00
# Visual Studio Version 16
VisualStudioVersion = 16.0.31005.135
MinimumVisualStudioVersion = 10.0.40219.1
Project("{FAE04EC0-301F-11D3-BF4B-00C04F79EFBC}") = "cv05", "cv05.csproj", "{118B89B4-5F13-482B-B665-91B5E4064806}"
EndProject
Global
	GlobalSection(SolutionConfigurationPlatforms) = preSolution
		Debug|Any CPU = Debug|Any CPU
		Release|Any CPU = Release|Any CPU
	EndGlobalSection
	GlobalSection(ProjectConfigurationPlatforms) = postSolution
		{118B89B4-5F13-482B-B665-91B5E4064806}.Debug|Any CPU.ActiveCfg = Debug|Any CPU
		{118B89B4-5F13-482B-B665-91B5E4064806}.Debug|Any CPU.Build.0 = Debug|Any CPU
		{118B89B4-5F13-482B-B665-91B5E4064806}.Release|Any CPU.ActiveCfg = Release|Any CPU
		{118B89B4-5F13-482B-B665-91B5E4064806}.Release|Any CPU.Build.0 = Release|Any CPU
	EndGlobalSection
	GlobalSection(SolutionProperties) = preSolution
		HideSolutionNode = FALSE
	EndGlobalSection
	GlobalSection(ExtensibilityGlobals) = postSolution
		SolutionGuid = {203668D7-F970-48D4-8585-8F0671A0BEF5}
	EndGlobalSection
EndGlobal
