
Microsoft Visual Studio Solution File, Format Version 12.00
# Visual Studio Version 16
VisualStudioVersion = 16.0.31005.135
MinimumVisualStudioVersion = 10.0.40219.1
Project("{FAE04EC0-301F-11D3-BF4B-00C04F79EFBC}") = "cv06", "cv06.csproj", "{8C6857CF-8432-4316-880C-71964D16DAF8}"
EndProject
Global
	GlobalSection(SolutionConfigurationPlatforms) = preSolution
		Debug|Any CPU = Debug|Any CPU
		Release|Any CPU = Release|Any CPU
	EndGlobalSection
	GlobalSection(ProjectConfigurationPlatforms) = postSolution
		{8C6857CF-8432-4316-880C-71964D16DAF8}.Debug|Any CPU.ActiveCfg = Debug|Any CPU
		{8C6857CF-8432-4316-880C-71964D16DAF8}.Debug|Any CPU.Build.0 = Debug|Any CPU
		{8C6857CF-8432-4316-880C-71964D16DAF8}.Release|Any CPU.ActiveCfg = Release|Any CPU
		{8C6857CF-8432-4316-880C-71964D16DAF8}.Release|Any CPU.Build.0 = Release|Any CPU
	EndGlobalSection
	GlobalSection(SolutionProperties) = preSolution
		HideSolutionNode = FALSE
	EndGlobalSection
	GlobalSection(ExtensibilityGlobals) = postSolution
		SolutionGuid = {E776248C-A7C9-4873-B0A6-9D8312625AE7}
	EndGlobalSection
EndGlobal
