
Microsoft Visual Studio Solution File, Format Version 12.00
# Visual Studio Version 16
VisualStudioVersion = 16.0.31005.135
MinimumVisualStudioVersion = 10.0.40219.1
Project("{FAE04EC0-301F-11D3-BF4B-00C04F79EFBC}") = "cv04", "cv04.csproj", "{D7135150-37F5-4CF3-8958-B8BEA10F4454}"
EndProject
Global
	GlobalSection(SolutionConfigurationPlatforms) = preSolution
		Debug|Any CPU = Debug|Any CPU
		Release|Any CPU = Release|Any CPU
	EndGlobalSection
	GlobalSection(ProjectConfigurationPlatforms) = postSolution
		{D7135150-37F5-4CF3-8958-B8BEA10F4454}.Debug|Any CPU.ActiveCfg = Debug|Any CPU
		{D7135150-37F5-4CF3-8958-B8BEA10F4454}.Debug|Any CPU.Build.0 = Debug|Any CPU
		{D7135150-37F5-4CF3-8958-B8BEA10F4454}.Release|Any CPU.ActiveCfg = Release|Any CPU
		{D7135150-37F5-4CF3-8958-B8BEA10F4454}.Release|Any CPU.Build.0 = Release|Any CPU
	EndGlobalSection
	GlobalSection(SolutionProperties) = preSolution
		HideSolutionNode = FALSE
	EndGlobalSection
	GlobalSection(ExtensibilityGlobals) = postSolution
		SolutionGuid = {5F318124-AF49-4C73-A570-74EC4DA8701B}
	EndGlobalSection
EndGlobal
